// !$*UTF8*$!
{
	archiveVersion = 1;
	classes = {
	};
	objectVersion = 56;
	objects = {

/* Begin PBXBuildFile section */
		D102C7CF2BA348F10039F0F1 /* FirebaseYoutubeApp.swift in Sources */ = {isa = PBXBuildFile; fileRef = D102C7CE2BA348F10039F0F1 /* FirebaseYoutubeApp.swift */; };
		D102C7D12BA348F10039F0F1 /* ContentView.swift in Sources */ = {isa = PBXBuildFile; fileRef = D102C7D02BA348F10039F0F1 /* ContentView.swift */; };
		D102C7D32BA348F20039F0F1 /* Assets.xcassets in Resources */ = {isa = PBXBuildFile; fileRef = D102C7D22BA348F20039F0F1 /* Assets.xcassets */; };
		D102C7D62BA348F20039F0F1 /* Preview Assets.xcassets in Resources */ = {isa = PBXBuildFile; fileRef = D102C7D52BA348F20039F0F1 /* Preview Assets.xcassets */; };
		D102C7DD2BA34A700039F0F1 /* GoogleService-Info.plist in Resources */ = {isa = PBXBuildFile; fileRef = D102C7DC2BA34A700039F0F1 /* GoogleService-Info.plist */; };
		D102C7E02BA34AB40039F0F1 /* FirebaseAuth in Frameworks */ = {isa = PBXBuildFile; productRef = D102C7DF2BA34AB40039F0F1 /* FirebaseAuth */; };
		D102C7E22BA34AB40039F0F1 /* FirebaseDatabase in Frameworks */ = {isa = PBXBuildFile; productRef = D102C7E12BA34AB40039F0F1 /* FirebaseDatabase */; };
		D102C7E42BA34AB40039F0F1 /* FirebaseFirestore in Frameworks */ = {isa = PBXBuildFile; productRef = D102C7E32BA34AB40039F0F1 /* FirebaseFirestore */; };
		D179D43F2BA924B1004746B4 /* Kingfisher in Frameworks */ = {isa = PBXBuildFile; productRef = D179D43E2BA924B1004746B4 /* Kingfisher */; };
		D1A56B732BA752F800430ED0 /* AuthViewModel.swift in Sources */ = {isa = PBXBuildFile; fileRef = D1A56B722BA752F800430ED0 /* AuthViewModel.swift */; };
		D1C7CF792BA51D80002135A7 /* FirebaseFirestoreSwift in Frameworks */ = {isa = PBXBuildFile; productRef = D1C7CF782BA51D80002135A7 /* FirebaseFirestoreSwift */; };
/* End PBXBuildFile section */

/* Begin PBXFileReference section */
		D102C7CB2BA348F10039F0F1 /* FirebaseYoutube.app */ = {isa = PBXFileReference; explicitFileType = wrapper.application; includeInIndex = 0; path = FirebaseYoutube.app; sourceTree = BUILT_PRODUCTS_DIR; };
		D102C7CE2BA348F10039F0F1 /* FirebaseYoutubeApp.swift */ = {isa = PBXFileReference; lastKnownFileType = sourcecode.swift; path = FirebaseYoutubeApp.swift; sourceTree = "<group>"; };
		D102C7D02BA348F10039F0F1 /* ContentView.swift */ = {isa = PBXFileReference; lastKnownFileType = sourcecode.swift; path = ContentView.swift; sourceTree = "<group>"; };
		D102C7D22BA348F20039F0F1 /* Assets.xcassets */ = {isa = PBXFileReference; lastKnownFileType = folder.assetcatalog; path = Assets.xcassets; sourceTree = "<group>"; };
		D102C7D52BA348F20039F0F1 /* Preview Assets.xcassets */ = {isa = PBXFileReference; lastKnownFileType = folder.assetcatalog; path = "Preview Assets.xcassets"; sourceTree = "<group>"; };
		D102C7DC2BA34A700039F0F1 /* GoogleService-Info.plist */ = {isa = PBXFileReference; fileEncoding = 4; lastKnownFileType = text.plist.xml; path = "GoogleService-Info.plist"; sourceTree = "<group>"; };
		D1A56B722BA752F800430ED0 /* AuthViewModel.swift */ = {isa = PBXFileReference; lastKnownFileType = sourcecode.swift; path = AuthViewModel.swift; sourceTree = "<group>"; };
/* End PBXFileReference section */

/* Begin PBXFrameworksBuildPhase section */
		D102C7C82BA348F10039F0F1 /* Frameworks */ = {
			isa = PBXFrameworksBuildPhase;
			buildActionMask = 2147483647;
			files = (
				D102C7E22BA34AB40039F0F1 /* FirebaseDatabase in Frameworks */,
				D102C7E02BA34AB40039F0F1 /* FirebaseAuth in Frameworks */,
				D102C7E42BA34AB40039F0F1 /* FirebaseFirestore in Frameworks */,
				D1C7CF792BA51D80002135A7 /* FirebaseFirestoreSwift in Frameworks */,
				D179D43F2BA924B1004746B4 /* Kingfisher in Frameworks */,
			);
			runOnlyForDeploymentPostprocessing = 0;
		};
/* End PBXFrameworksBuildPhase section */

/* Begin PBXGroup section */
		D102C7C22BA348F10039F0F1 = {
			isa = PBXGroup;
			children = (
				D102C7CD2BA348F10039F0F1 /* FirebaseYoutube */,
				D102C7CC2BA348F10039F0F1 /* Products */,
			);
			sourceTree = "<group>";
		};
		D102C7CC2BA348F10039F0F1 /* Products */ = {
			isa = PBXGroup;
			children = (
				D102C7CB2BA348F10039F0F1 /* FirebaseYoutube.app */,
			);
			name = Products;
			sourceTree = "<group>";
		};
		D102C7CD2BA348F10039F0F1 /* FirebaseYoutube */ = {
			isa = PBXGroup;
			children = (
				D102C7DC2BA34A700039F0F1 /* GoogleService-Info.plist */,
				D102C7CE2BA348F10039F0F1 /* FirebaseYoutubeApp.swift */,
				D102C7D02BA348F10039F0F1 /* ContentView.swift */,
				D102C7D22BA348F20039F0F1 /* Assets.xcassets */,
				D102C7D42BA348F20039F0F1 /* Preview Content */,
				D1A56B722BA752F800430ED0 /* AuthViewModel.swift */,
			);
			path = FirebaseYoutube;
			sourceTree = "<group>";
		};
		D102C7D42BA348F20039F0F1 /* Preview Content */ = {
			isa = PBXGroup;
			children = (
				D102C7D52BA348F20039F0F1 /* Preview Assets.xcassets */,
			);
			path = "Preview Content";
			sourceTree = "<group>";
		};
/* End PBXGroup section */

/* Begin PBXNativeTarget section */
		D102C7CA2BA348F10039F0F1 /* FirebaseYoutube */ = {
			isa = PBXNativeTarget;
			buildConfigurationList = D102C7D92BA348F20039F0F1 /* Build configuration list for PBXNativeTarget "FirebaseYoutube" */;
			buildPhases = (
				D102C7C72BA348F10039F0F1 /* Sources */,
				D102C7C82BA348F10039F0F1 /* Frameworks */,
				D102C7C92BA348F10039F0F1 /* Resources */,
			);
			buildRules = (
			);
			dependencies = (
			);
			name = FirebaseYoutube;
			packageProductDependencies = (
				D102C7DF2BA34AB40039F0F1 /* FirebaseAuth */,
				D102C7E12BA34AB40039F0F1 /* FirebaseDatabase */,
				D102C7E32BA34AB40039F0F1 /* FirebaseFirestore */,
				D1C7CF782BA51D80002135A7 /* FirebaseFirestoreSwift */,
				D179D43E2BA924B1004746B4 /* Kingfisher */,
			);
			productName = FirebaseYoutube;
			productReference = D102C7CB2BA348F10039F0F1 /* FirebaseYoutube.app */;
			productType = "com.apple.product-type.application";
		};
/* End PBXNativeTarget section */

/* Begin PBXProject section */
		D102C7C32BA348F10039F0F1 /* Project object */ = {
			isa = PBXProject;
			attributes = {
				BuildIndependentTargetsInParallel = 1;
				LastSwiftUpdateCheck = 1530;
				LastUpgradeCheck = 1530;
				TargetAttributes = {
					D102C7CA2BA348F10039F0F1 = {
						CreatedOnToolsVersion = 15.3;
					};
				};
			};
			buildConfigurationList = D102C7C62BA348F10039F0F1 /* Build configuration list for PBXProject "FirebaseYoutube" */;
			compatibilityVersion = "Xcode 14.0";
			developmentRegion = en;
			hasScannedForEncodings = 0;
			knownRegions = (
				en,
				Base,
			);
			mainGroup = D102C7C22BA348F10039F0F1;
			packageReferences = (
				D102C7DE2BA34AB40039F0F1 /* XCRemoteSwiftPackageReference "firebase-ios-sdk" */,
				D179D43D2BA924B1004746B4 /* XCRemoteSwiftPackageReference "Kingfisher" */,
			);
			productRefGroup = D102C7CC2BA348F10039F0F1 /* Products */;
			projectDirPath = "";
			projectRoot = "";
			targets = (
				D102C7CA2BA348F10039F0F1 /* FirebaseYoutube */,
			);
		};
/* End PBXProject section */

/* Begin PBXResourcesBuildPhase section */
		D102C7C92BA348F10039F0F1 /* Resources */ = {
			isa = PBXResourcesBuildPhase;
			buildActionMask = 2147483647;
			files = (
				D102C7D62BA348F20039F0F1 /* Preview Assets.xcassets in Resources */,
				D102C7D32BA348F20039F0F1 /* Assets.xcassets in Resources */,
				D102C7DD2BA34A700039F0F1 /* GoogleService-Info.plist in Resources */,
			);
			runOnlyForDeploymentPostprocessing = 0;
		};
/* End PBXResourcesBuildPhase section */

/* Begin PBXSourcesBuildPhase section */
		D102C7C72BA348F10039F0F1 /* Sources */ = {
			isa = PBXSourcesBuildPhase;
			buildActionMask = 2147483647;
			files = (
				D102C7D12BA348F10039F0F1 /* ContentView.swift in Sources */,
				D102C7CF2BA348F10039F0F1 /* FirebaseYoutubeApp.swift in Sources */,
				D1A56B732BA752F800430ED0 /* AuthViewModel.swift in Sources */,
			);
			runOnlyForDeploymentPostprocessing = 0;
		};
/* End PBXSourcesBuildPhase section */

/* Begin XCBuildConfiguration section */
		D102C7D72BA348F20039F0F1 /* Debug */ = {
			isa = XCBuildConfiguration;
			buildSettings = {
				ALWAYS_SEARCH_USER_PATHS = NO;
				ASSETCATALOG_COMPILER_GENERATE_SWIFT_ASSET_SYMBOL_EXTENSIONS = YES;
				CLANG_ANALYZER_NONNULL = YES;
				CLANG_ANALYZER_NUMBER_OBJECT_CONVERSION = YES_AGGRESSIVE;
				CLANG_CXX_LANGUAGE_STANDARD = "gnu++20";
				CLANG_ENABLE_MODULES = YES;
				CLANG_ENABLE_OBJC_ARC = YES;
				CLANG_ENABLE_OBJC_WEAK = YES;
				CLANG_WARN_BLOCK_CAPTURE_AUTORELEASING = YES;
				CLANG_WARN_BOOL_CONVERSION = YES;
				CLANG_WARN_COMMA = YES;
				CLANG_WARN_CONSTANT_CONVERSION = YES;
				CLANG_WARN_DEPRECATED_OBJC_IMPLEMENTATIONS = YES;
				CLANG_WARN_DIRECT_OBJC_ISA_USAGE = YES_ERROR;
				CLANG_WARN_DOCUMENTATION_COMMENTS = YES;
				CLANG_WARN_EMPTY_BODY = YES;
				CLANG_WARN_ENUM_CONVERSION = YES;
				CLANG_WARN_INFINITE_RECURSION = YES;
				CLANG_WARN_INT_CONVERSION = YES;
				CLANG_WARN_NON_LITERAL_NULL_CONVERSION = YES;
				CLANG_WARN_OBJC_IMPLICIT_RETAIN_SELF = YES;
				CLANG_WARN_OBJC_LITERAL_CONVERSION = YES;
				CLANG_WARN_OBJC_ROOT_CLASS = YES_ERROR;
				CLANG_WARN_QUOTED_INCLUDE_IN_FRAMEWORK_HEADER = YES;
				CLANG_WARN_RANGE_LOOP_ANALYSIS = YES;
				CLANG_WARN_STRICT_PROTOTYPES = YES;
				CLANG_WARN_SUSPICIOUS_MOVE = YES;
				CLANG_WARN_UNGUARDED_AVAILABILITY = YES_AGGRESSIVE;
				CLANG_WARN_UNREACHABLE_CODE = YES;
				CLANG_WARN__DUPLICATE_METHOD_MATCH = YES;
				COPY_PHASE_STRIP = NO;
				DEBUG_INFORMATION_FORMAT = dwarf;
				ENABLE_STRICT_OBJC_MSGSEND = YES;
				ENABLE_TESTABILITY = YES;
				ENABLE_USER_SCRIPT_SANDBOXING = YES;
				GCC_C_LANGUAGE_STANDARD = gnu17;
				GCC_DYNAMIC_NO_PIC = NO;
				GCC_NO_COMMON_BLOCKS = YES;
				GCC_OPTIMIZATION_LEVEL = 0;
				GCC_PREPROCESSOR_DEFINITIONS = (
					"DEBUG=1",
					"$(inherited)",
				);
				GCC_WARN_64_TO_32_BIT_CONVERSION = YES;
				GCC_WARN_ABOUT_RETURN_TYPE = YES_ERROR;
				GCC_WARN_UNDECLARED_SELECTOR = YES;
				GCC_WARN_UNINITIALIZED_AUTOS = YES_AGGRESSIVE;
				GCC_WARN_UNUSED_FUNCTION = YES;
				GCC_WARN_UNUSED_VARIABLE = YES;
				IPHONEOS_DEPLOYMENT_TARGET = 14.0;
				LOCALIZATION_PREFERS_STRING_CATALOGS = YES;
				MTL_ENABLE_DEBUG_INFO = INCLUDE_SOURCE;
				MTL_FAST_MATH = YES;
				ONLY_ACTIVE_ARCH = YES;
				SDKROOT = iphoneos;
				SWIFT_ACTIVE_COMPILATION_CONDITIONS = "DEBUG $(inherited)";
				SWIFT_OPTIMIZATION_LEVEL = "-Onone";
			};
			name = Debug;
		};
		D102C7D82BA348F20039F0F1 /* Release */ = {
			isa = XCBuildConfiguration;
			buildSettings = {
				ALWAYS_SEARCH_USER_PATHS = NO;
				ASSETCATALOG_COMPILER_GENERATE_SWIFT_ASSET_SYMBOL_EXTENSIONS = YES;
				CLANG_ANALYZER_NONNULL = YES;
				CLANG_ANALYZER_NUMBER_OBJECT_CONVERSION = YES_AGGRESSIVE;
				CLANG_CXX_LANGUAGE_STANDARD = "gnu++20";
				CLANG_ENABLE_MODULES = YES;
				CLANG_ENABLE_OBJC_ARC = YES;
				CLANG_ENABLE_OBJC_WEAK = YES;
				CLANG_WARN_BLOCK_CAPTURE_AUTORELEASING = YES;
				CLANG_WARN_BOOL_CONVERSION = YES;
				CLANG_WARN_COMMA = YES;
				CLANG_WARN_CONSTANT_CONVERSION = YES;
				CLANG_WARN_DEPRECATED_OBJC_IMPLEMENTATIONS = YES;
				CLANG_WARN_DIRECT_OBJC_ISA_USAGE = YES_ERROR;
				CLANG_WARN_DOCUMENTATION_COMMENTS = YES;
				CLANG_WARN_EMPTY_BODY = YES;
				CLANG_WARN_ENUM_CONVERSION = YES;
				CLANG_WARN_INFINITE_RECURSION = YES;
				CLANG_WARN_INT_CONVERSION = YES;
				CLANG_WARN_NON_LITERAL_NULL_CONVERSION = YES;
				CLANG_WARN_OBJC_IMPLICIT_RETAIN_SELF = YES;
				CLANG_WARN_OBJC_LITERAL_CONVERSION = YES;
				CLANG_WARN_OBJC_ROOT_CLASS = YES_ERROR;
				CLANG_WARN_QUOTED_INCLUDE_IN_FRAMEWORK_HEADER = YES;
				CLANG_WARN_RANGE_LOOP_ANALYSIS = YES;
				CLANG_WARN_STRICT_PROTOTYPES = YES;
				CLANG_WARN_SUSPICIOUS_MOVE = YES;
				CLANG_WARN_UNGUARDED_AVAILABILITY = YES_AGGRESSIVE;
				CLANG_WARN_UNREACHABLE_CODE = YES;
				CLANG_WARN__DUPLICATE_METHOD_MATCH = YES;
				COPY_PHASE_STRIP = NO;
				DEBUG_INFORMATION_FORMAT = "dwarf-with-dsym";
				ENABLE_NS_ASSERTIONS = NO;
				ENABLE_STRICT_OBJC_MSGSEND = YES;
				ENABLE_USER_SCRIPT_SANDBOXING = YES;
				GCC_C_LANGUAGE_STANDARD = gnu17;
				GCC_NO_COMMON_BLOCKS = YES;
				GCC_WARN_64_TO_32_BIT_CONVERSION = YES;
				GCC_WARN_ABOUT_RETURN_TYPE = YES_ERROR;
				GCC_WARN_UNDECLARED_SELECTOR = YES;
				GCC_WARN_UNINITIALIZED_AUTOS = YES_AGGRESSIVE;
				GCC_WARN_UNUSED_FUNCTION = YES;
				GCC_WARN_UNUSED_VARIABLE = YES;
				IPHONEOS_DEPLOYMENT_TARGET = 14.0;
				LOCALIZATION_PREFERS_STRING_CATALOGS = YES;
				MTL_ENABLE_DEBUG_INFO = NO;
				MTL_FAST_MATH = YES;
				SDKROOT = iphoneos;
				SWIFT_COMPILATION_MODE = wholemodule;
				VALIDATE_PRODUCT = YES;
			};
			name = Release;
		};
		D102C7DA2BA348F20039F0F1 /* Debug */ = {
			isa = XCBuildConfiguration;
			buildSettings = {
				ASSETCATALOG_COMPILER_APPICON_NAME = AppIcon;
				ASSETCATALOG_COMPILER_GLOBAL_ACCENT_COLOR_NAME = AccentColor;
				CODE_SIGN_STYLE = Automatic;
				CURRENT_PROJECT_VERSION = 1;
				DEVELOPMENT_ASSET_PATHS = "\"FirebaseYoutube/Preview Content\"";
				DEVELOPMENT_TEAM = 78V598C699;
				ENABLE_PREVIEWS = YES;
				GENERATE_INFOPLIST_FILE = YES;
				INFOPLIST_KEY_UIApplicationSceneManifest_Generation = YES;
				INFOPLIST_KEY_UIApplicationSupportsIndirectInputEvents = YES;
				INFOPLIST_KEY_UILaunchScreen_Generation = YES;
				INFOPLIST_KEY_UISupportedInterfaceOrientations_iPad = "UIInterfaceOrientationPortrait UIInterfaceOrientationPortraitUpsideDown UIInterfaceOrientationLandscapeLeft UIInterfaceOrientationLandscapeRight";
				INFOPLIST_KEY_UISupportedInterfaceOrientations_iPhone = "UIInterfaceOrientationPortrait UIInterfaceOrientationLandscapeLeft UIInterfaceOrientationLandscapeRight";
				IPHONEOS_DEPLOYMENT_TARGET = 14.0;
				LD_RUNPATH_SEARCH_PATHS = (
					"$(inherited)",
					"@executable_path/Frameworks",
				);
				MARKETING_VERSION = 1.0;
				PRODUCT_BUNDLE_IDENTIFIER = com.marcocastope.FirebaseYoutube;
				PRODUCT_NAME = "$(TARGET_NAME)";
				SWIFT_EMIT_LOC_STRINGS = YES;
				SWIFT_VERSION = 5.0;
				TARGETED_DEVICE_FAMILY = "1,2";
			};
			name = Debug;
		};
		D102C7DB2BA348F20039F0F1 /* Release */ = {
			isa = XCBuildConfiguration;
			buildSettings = {
				ASSETCATALOG_COMPILER_APPICON_NAME = AppIcon;
				ASSETCATALOG_COMPILER_GLOBAL_ACCENT_COLOR_NAME = AccentColor;
				CODE_SIGN_STYLE = Automatic;
				CURRENT_PROJECT_VERSION = 1;
				DEVELOPMENT_ASSET_PATHS = "\"FirebaseYoutube/Preview Content\"";
				DEVELOPMENT_TEAM = 78V598C699;
				ENABLE_PREVIEWS = YES;
				GENERATE_INFOPLIST_FILE = YES;
				INFOPLIST_KEY_UIApplicationSceneManifest_Generation = YES;
				INFOPLIST_KEY_UIApplicationSupportsIndirectInputEvents = YES;
				INFOPLIST_KEY_UILaunchScreen_Generation = YES;
				INFOPLIST_KEY_UISupportedInterfaceOrientations_iPad = "UIInterfaceOrientationPortrait UIInterfaceOrientationPortraitUpsideDown UIInterfaceOrientationLandscapeLeft UIInterfaceOrientationLandscapeRight";
				INFOPLIST_KEY_UISupportedInterfaceOrientations_iPhone = "UIInterfaceOrientationPortrait UIInterfaceOrientationLandscapeLeft UIInterfaceOrientationLandscapeRight";
				IPHONEOS_DEPLOYMENT_TARGET = 14.0;
				LD_RUNPATH_SEARCH_PATHS = (
					"$(inherited)",
					"@executable_path/Frameworks",
				);
				MARKETING_VERSION = 1.0;
				PRODUCT_BUNDLE_IDENTIFIER = com.marcocastope.FirebaseYoutube;
				PRODUCT_NAME = "$(TARGET_NAME)";
				SWIFT_EMIT_LOC_STRINGS = YES;
				SWIFT_VERSION = 5.0;
				TARGETED_DEVICE_FAMILY = "1,2";
			};
			name = Release;
		};
/* End XCBuildConfiguration section */

/* Begin XCConfigurationList section */
		D102C7C62BA348F10039F0F1 /* Build configuration list for PBXProject "FirebaseYoutube" */ = {
			isa = XCConfigurationList;
			buildConfigurations = (
				D102C7D72BA348F20039F0F1 /* Debug */,
				D102C7D82BA348F20039F0F1 /* Release */,
			);
			defaultConfigurationIsVisible = 0;
			defaultConfigurationName = Release;
		};
		D102C7D92BA348F20039F0F1 /* Build configuration list for PBXNativeTarget "FirebaseYoutube" */ = {
			isa = XCConfigurationList;
			buildConfigurations = (
				D102C7DA2BA348F20039F0F1 /* Debug */,
				D102C7DB2BA348F20039F0F1 /* Release */,
			);
			defaultConfigurationIsVisible = 0;
			defaultConfigurationName = Release;
		};
/* End XCConfigurationList section */

/* Begin XCRemoteSwiftPackageReference section */
		D102C7DE2BA34AB40039F0F1 /* XCRemoteSwiftPackageReference "firebase-ios-sdk" */ = {
			isa = XCRemoteSwiftPackageReference;
			repositoryURL = "https://github.com/firebase/firebase-ios-sdk";
			requirement = {
				kind = upToNextMajorVersion;
				minimumVersion = 10.22.1;
			};
		};
		D179D43D2BA924B1004746B4 /* XCRemoteSwiftPackageReference "Kingfisher" */ = {
			isa = XCRemoteSwiftPackageReference;
			repositoryURL = "https://github.com/onevcat/Kingfisher.git";
			requirement = {
				kind = upToNextMajorVersion;
				minimumVersion = 7.11.0;
			};
		};
/* End XCRemoteSwiftPackageReference section */

/* Begin XCSwiftPackageProductDependency section */
		D102C7DF2BA34AB40039F0F1 /* FirebaseAuth */ = {
			isa = XCSwiftPackageProductDependency;
			package = D102C7DE2BA34AB40039F0F1 /* XCRemoteSwiftPackageReference "firebase-ios-sdk" */;
			productName = FirebaseAuth;
		};
		D102C7E12BA34AB40039F0F1 /* FirebaseDatabase */ = {
			isa = XCSwiftPackageProductDependency;
			package = D102C7DE2BA34AB40039F0F1 /* XCRemoteSwiftPackageReference "firebase-ios-sdk" */;
			productName = FirebaseDatabase;
		};
		D102C7E32BA34AB40039F0F1 /* FirebaseFirestore */ = {
			isa = XCSwiftPackageProductDependency;
			package = D102C7DE2BA34AB40039F0F1 /* XCRemoteSwiftPackageReference "firebase-ios-sdk" */;
			productName = FirebaseFirestore;
		};
		D179D43E2BA924B1004746B4 /* Kingfisher */ = {
			isa = XCSwiftPackageProductDependency;
			package = D179D43D2BA924B1004746B4 /* XCRemoteSwiftPackageReference "Kingfisher" */;
			productName = Kingfisher;
		};
		D1C7CF782BA51D80002135A7 /* FirebaseFirestoreSwift */ = {
			isa = XCSwiftPackageProductDependency;
			package = D102C7DE2BA34AB40039F0F1 /* XCRemoteSwiftPackageReference "firebase-ios-sdk" */;
			productName = FirebaseFirestoreSwift;
		};
/* End XCSwiftPackageProductDependency section */
	};
	rootObject = D102C7C32BA348F10039F0F1 /* Project object */;
}
